lockfileVersion: '9.0'

settings:
  autoInstallPeers: true
  excludeLinksFromLockfile: false

importers:

  .: {}

  apps/api:
    dependencies:
      '@mini-ag/api-contracts':
        specifier: workspace:*
        version: link:../../packages/api-contracts

  apps/web:
    dependencies:
      '@mini-ag/api-contracts':
        specifier: workspace:*
        version: link:../../packages/api-contracts

  packages/api-contracts: {}
